
Microsoft Visual Studio Solution File, Format Version 12.00
# Visual Studio Version 17
VisualStudioVersion = 17.14.36202.13 d17.14
MinimumVisualStudioVersion = 10.0.40219.1
Project("{FAE04EC0-301F-11D3-BF4B-00C04F79EFBC}") = "formulario16", "formulario16\formulario16.csproj", "{3441D6A5-6391-4DCC-904A-5C6611603A94}"
EndProject
Global
	GlobalSection(SolutionConfigurationPlatforms) = preSolution
		Debug|Any CPU = Debug|Any CPU
		Release|Any CPU = Release|Any CPU
	EndGlobalSection
	GlobalSection(ProjectConfigurationPlatforms) = postSolution
		{3441D6A5-6391-4DCC-904A-5C6611603A94}.Debug|Any CPU.ActiveCfg = Debug|Any CPU
		{3441D6A5-6391-4DCC-904A-5C6611603A94}.Debug|Any CPU.Build.0 = Debug|Any CPU
		{3441D6A5-6391-4DCC-904A-5C6611603A94}.Release|Any CPU.ActiveCfg = Release|Any CPU
		{3441D6A5-6391-4DCC-904A-5C6611603A94}.Release|Any CPU.Build.0 = Release|Any CPU
	EndGlobalSection
	GlobalSection(SolutionProperties) = preSolution
		HideSolutionNode = FALSE
	EndGlobalSection
	GlobalSection(ExtensibilityGlobals) = postSolution
		SolutionGuid = {955B5491-5243-46F7-B4FE-F32091B37B2C}
	EndGlobalSection
EndGlobal
