
Microsoft Visual Studio Solution File, Format Version 12.00
# Visual Studio Version 17
VisualStudioVersion = 17.14.36202.13 d17.14
MinimumVisualStudioVersion = 10.0.40219.1
Project("{FAE04EC0-301F-11D3-BF4B-00C04F79EFBC}") = "Formulario10", "Formulario10\Formulario10.csproj", "{1BF15915-F2F2-4C13-8C70-BADC566C9692}"
EndProject
Global
	GlobalSection(SolutionConfigurationPlatforms) = preSolution
		Debug|Any CPU = Debug|Any CPU
		Release|Any CPU = Release|Any CPU
	EndGlobalSection
	GlobalSection(ProjectConfigurationPlatforms) = postSolution
		{1BF15915-F2F2-4C13-8C70-BADC566C9692}.Debug|Any CPU.ActiveCfg = Debug|Any CPU
		{1BF15915-F2F2-4C13-8C70-BADC566C9692}.Debug|Any CPU.Build.0 = Debug|Any CPU
		{1BF15915-F2F2-4C13-8C70-BADC566C9692}.Release|Any CPU.ActiveCfg = Release|Any CPU
		{1BF15915-F2F2-4C13-8C70-BADC566C9692}.Release|Any CPU.Build.0 = Release|Any CPU
	EndGlobalSection
	GlobalSection(SolutionProperties) = preSolution
		HideSolutionNode = FALSE
	EndGlobalSection
	GlobalSection(ExtensibilityGlobals) = postSolution
		SolutionGuid = {86381A72-5AA0-4D82-B8B6-779B36DCBB4C}
	EndGlobalSection
EndGlobal
